
Microsoft Visual Studio Solution File, Format Version 12.00
# Visual Studio Version 16
VisualStudioVersion = 16.0.33529.622
MinimumVisualStudioVersion = 10.0.40219.1
Project("{FAE04EC0-301F-11D3-BF4B-00C04F79EFBC}") = "GarbageCollectionTest2", "GarbageCollectionTest2\GarbageCollectionTest2.csproj", "{AFC7F803-A146-4ABF-A2B2-85DE7B8DAC63}"
EndProject
Global
	GlobalSection(SolutionConfigurationPlatforms) = preSolution
		Debug|Any CPU = Debug|Any CPU
		Release|Any CPU = Release|Any CPU
	EndGlobalSection
	GlobalSection(ProjectConfigurationPlatforms) = postSolution
		{AFC7F803-A146-4ABF-A2B2-85DE7B8DAC63}.Debug|Any CPU.ActiveCfg = Debug|Any CPU
		{AFC7F803-A146-4ABF-A2B2-85DE7B8DAC63}.Debug|Any CPU.Build.0 = Debug|Any CPU
		{AFC7F803-A146-4ABF-A2B2-85DE7B8DAC63}.Release|Any CPU.ActiveCfg = Release|Any CPU
		{AFC7F803-A146-4ABF-A2B2-85DE7B8DAC63}.Release|Any CPU.Build.0 = Release|Any CPU
	EndGlobalSection
	GlobalSection(SolutionProperties) = preSolution
		HideSolutionNode = FALSE
	EndGlobalSection
	GlobalSection(ExtensibilityGlobals) = postSolution
		SolutionGuid = {965C52A7-A7CD-46B1-93C5-4CE6E4F66A24}
	EndGlobalSection
EndGlobal
